// !$*UTF8*$!
{
	archiveVersion = 1;
	classes = {
	};
	objectVersion = 50;
	objects = {

/* Begin PBXBuildFile section */
		C7AD7A642850F70E0087ABE0 /* AppDelegate.swift in Sources */ = {isa = PBXBuildFile; fileRef = C7AD7A632850F70E0087ABE0 /* AppDelegate.swift */; };
		C7AD7A662850F70E0087ABE0 /* SceneDelegate.swift in Sources */ = {isa = PBXBuildFile; fileRef = C7AD7A652850F70E0087ABE0 /* SceneDelegate.swift */; };
		C7AD7A682850F70E0087ABE0 /* ViewController.swift in Sources */ = {isa = PBXBuildFile; fileRef = C7AD7A672850F70E0087ABE0 /* ViewController.swift */; };
		C7AD7A6B2850F70E0087ABE0 /* Main.storyboard in Resources */ = {isa = PBXBuildFile; fileRef = C7AD7A692850F70E0087ABE0 /* Main.storyboard */; };
		C7AD7A6E2850F70E0087ABE0 /* sideMenu.xcdatamodeld in Sources */ = {isa = PBXBuildFile; fileRef = C7AD7A6C2850F70E0087ABE0 /* sideMenu.xcdatamodeld */; };
		C7AD7A702850F7120087ABE0 /* Assets.xcassets in Resources */ = {isa = PBXBuildFile; fileRef = C7AD7A6F2850F7120087ABE0 /* Assets.xcassets */; };
		C7AD7A732850F7120087ABE0 /* LaunchScreen.storyboard in Resources */ = {isa = PBXBuildFile; fileRef = C7AD7A712850F7120087ABE0 /* LaunchScreen.storyboard */; };
		C7AD7A7E2850F7120087ABE0 /* sideMenuTests.swift in Sources */ = {isa = PBXBuildFile; fileRef = C7AD7A7D2850F7120087ABE0 /* sideMenuTests.swift */; };
		C7AD7A892850F7120087ABE0 /* sideMenuUITests.swift in Sources */ = {isa = PBXBuildFile; fileRef = C7AD7A882850F7120087ABE0 /* sideMenuUITests.swift */; };
		C7AD7A9B2850F90D0087ABE0 /* HomeViewController.swift in Sources */ = {isa = PBXBuildFile; fileRef = C7AD7A9A2850F90D0087ABE0 /* HomeViewController.swift */; };
		C7AD7AA32850F94D0087ABE0 /* MusicViewController.swift in Sources */ = {isa = PBXBuildFile; fileRef = C7AD7AA22850F94D0087ABE0 /* MusicViewController.swift */; };
		C7AD7AA82850F9790087ABE0 /* MoviesViewController.swift in Sources */ = {isa = PBXBuildFile; fileRef = C7AD7AA72850F9790087ABE0 /* MoviesViewController.swift */; };
		C7AD7AAD2850F9B60087ABE0 /* BooksViewController.swift in Sources */ = {isa = PBXBuildFile; fileRef = C7AD7AAC2850F9B60087ABE0 /* BooksViewController.swift */; };
		C7AD7AB22850F9C70087ABE0 /* ProfileViewController.swift in Sources */ = {isa = PBXBuildFile; fileRef = C7AD7AB12850F9C70087ABE0 /* ProfileViewController.swift */; };
		C7AD7AB72850F9D80087ABE0 /* SettingsViewController.swift in Sources */ = {isa = PBXBuildFile; fileRef = C7AD7AB62850F9D70087ABE0 /* SettingsViewController.swift */; };
		C7AD7ABD2850FA060087ABE0 /* MenuModel.swift in Sources */ = {isa = PBXBuildFile; fileRef = C7AD7ABC2850FA060087ABE0 /* MenuModel.swift */; };
		C7AD7AC22850FACE0087ABE0 /* SideMenuViewController.swift in Sources */ = {isa = PBXBuildFile; fileRef = C7AD7AC12850FACE0087ABE0 /* SideMenuViewController.swift */; };
		C7AD7AC72850FB270087ABE0 /* MainViewController.swift in Sources */ = {isa = PBXBuildFile; fileRef = C7AD7AC62850FB270087ABE0 /* MainViewController.swift */; };
		C7AD7ACE2850FC950087ABE0 /* SideMenuCell.swift in Sources */ = {isa = PBXBuildFile; fileRef = C7AD7ACC2850FC950087ABE0 /* SideMenuCell.swift */; };
		C7AD7ACF2850FC950087ABE0 /* SideMenuCell.xib in Resources */ = {isa = PBXBuildFile; fileRef = C7AD7ACD2850FC950087ABE0 /* SideMenuCell.xib */; };
/* End PBXBuildFile section */

/* Begin PBXContainerItemProxy section */
		C7AD7A7A2850F7120087ABE0 /* PBXContainerItemProxy */ = {
			isa = PBXContainerItemProxy;
			containerPortal = C7AD7A582850F70E0087ABE0 /* Project object */;
			proxyType = 1;
			remoteGlobalIDString = C7AD7A5F2850F70E0087ABE0;
			remoteInfo = sideMenu;
		};
		C7AD7A852850F7120087ABE0 /* PBXContainerItemProxy */ = {
			isa = PBXContainerItemProxy;
			containerPortal = C7AD7A582850F70E0087ABE0 /* Project object */;
			proxyType = 1;
			remoteGlobalIDString = C7AD7A5F2850F70E0087ABE0;
			remoteInfo = sideMenu;
		};
/* End PBXContainerItemProxy section */

/* Begin PBXFileReference section */
		C7AD7A602850F70E0087ABE0 /* sideMenu.app */ = {isa = PBXFileReference; explicitFileType = wrapper.application; includeInIndex = 0; path = sideMenu.app; sourceTree = BUILT_PRODUCTS_DIR; };
		C7AD7A632850F70E0087ABE0 /* AppDelegate.swift */ = {isa = PBXFileReference; lastKnownFileType = sourcecode.swift; path = AppDelegate.swift; sourceTree = "<group>"; };
		C7AD7A652850F70E0087ABE0 /* SceneDelegate.swift */ = {isa = PBXFileReference; lastKnownFileType = sourcecode.swift; path = SceneDelegate.swift; sourceTree = "<group>"; };
		C7AD7A672850F70E0087ABE0 /* ViewController.swift */ = {isa = PBXFileReference; lastKnownFileType = sourcecode.swift; path = ViewController.swift; sourceTree = "<group>"; };
		C7AD7A6A2850F70E0087ABE0 /* Base */ = {isa = PBXFileReference; lastKnownFileType = file.storyboard; name = Base; path = Base.lproj/Main.storyboard; sourceTree = "<group>"; };
		C7AD7A6D2850F70E0087ABE0 /* sideMenu.xcdatamodel */ = {isa = PBXFileReference; lastKnownFileType = wrapper.xcdatamodel; path = sideMenu.xcdatamodel; sourceTree = "<group>"; };
		C7AD7A6F2850F7120087ABE0 /* Assets.xcassets */ = {isa = PBXFileReference; lastKnownFileType = folder.assetcatalog; path = Assets.xcassets; sourceTree = "<group>"; };
		C7AD7A722850F7120087ABE0 /* Base */ = {isa = PBXFileReference; lastKnownFileType = file.storyboard; name = Base; path = Base.lproj/LaunchScreen.storyboard; sourceTree = "<group>"; };
		C7AD7A742850F7120087ABE0 /* Info.plist */ = {isa = PBXFileReference; lastKnownFileType = text.plist.xml; path = Info.plist; sourceTree = "<group>"; };
		C7AD7A792850F7120087ABE0 /* sideMenuTests.xctest */ = {isa = PBXFileReference; explicitFileType = wrapper.cfbundle; includeInIndex = 0; path = sideMenuTests.xctest; sourceTree = BUILT_PRODUCTS_DIR; };
		C7AD7A7D2850F7120087ABE0 /* sideMenuTests.swift */ = {isa = PBXFileReference; lastKnownFileType = sourcecode.swift; path = sideMenuTests.swift; sourceTree = "<group>"; };
		C7AD7A7F2850F7120087ABE0 /* Info.plist */ = {isa = PBXFileReference; lastKnownFileType = text.plist.xml; path = Info.plist; sourceTree = "<group>"; };
		C7AD7A842850F7120087ABE0 /* sideMenuUITests.xctest */ = {isa = PBXFileReference; explicitFileType = wrapper.cfbundle; includeInIndex = 0; path = sideMenuUITests.xctest; sourceTree = BUILT_PRODUCTS_DIR; };
		C7AD7A882850F7120087ABE0 /* sideMenuUITests.swift */ = {isa = PBXFileReference; lastKnownFileType = sourcecode.swift; path = sideMenuUITests.swift; sourceTree = "<group>"; };
		C7AD7A8A2850F7120087ABE0 /* Info.plist */ = {isa = PBXFileReference; lastKnownFileType = text.plist.xml; path = Info.plist; sourceTree = "<group>"; };
		C7AD7A9A2850F90D0087ABE0 /* HomeViewController.swift */ = {isa = PBXFileReference; lastKnownFileType = sourcecode.swift; path = HomeViewController.swift; sourceTree = "<group>"; };
		C7AD7AA22850F94D0087ABE0 /* MusicViewController.swift */ = {isa = PBXFileReference; lastKnownFileType = sourcecode.swift; path = MusicViewController.swift; sourceTree = "<group>"; };
		C7AD7AA72850F9790087ABE0 /* MoviesViewController.swift */ = {isa = PBXFileReference; lastKnownFileType = sourcecode.swift; path = MoviesViewController.swift; sourceTree = "<group>"; };
		C7AD7AAC2850F9B60087ABE0 /* BooksViewController.swift */ = {isa = PBXFileReference; lastKnownFileType = sourcecode.swift; path = BooksViewController.swift; sourceTree = "<group>"; };
		C7AD7AB12850F9C70087ABE0 /* ProfileViewController.swift */ = {isa = PBXFileReference; lastKnownFileType = sourcecode.swift; path = ProfileViewController.swift; sourceTree = "<group>"; };
		C7AD7AB62850F9D70087ABE0 /* SettingsViewController.swift */ = {isa = PBXFileReference; lastKnownFileType = sourcecode.swift; path = SettingsViewController.swift; sourceTree = "<group>"; };
		C7AD7ABC2850FA060087ABE0 /* MenuModel.swift */ = {isa = PBXFileReference; lastKnownFileType = sourcecode.swift; path = MenuModel.swift; sourceTree = "<group>"; };
		C7AD7AC12850FACE0087ABE0 /* SideMenuViewController.swift */ = {isa = PBXFileReference; lastKnownFileType = sourcecode.swift; path = SideMenuViewController.swift; sourceTree = "<group>"; };
		C7AD7AC62850FB270087ABE0 /* MainViewController.swift */ = {isa = PBXFileReference; lastKnownFileType = sourcecode.swift; path = MainViewController.swift; sourceTree = "<group>"; };
		C7AD7ACC2850FC950087ABE0 /* SideMenuCell.swift */ = {isa = PBXFileReference; lastKnownFileType = sourcecode.swift; path = SideMenuCell.swift; sourceTree = "<group>"; };
		C7AD7ACD2850FC950087ABE0 /* SideMenuCell.xib */ = {isa = PBXFileReference; lastKnownFileType = file.xib; path = SideMenuCell.xib; sourceTree = "<group>"; };
/* End PBXFileReference section */

/* Begin PBXFrameworksBuildPhase section */
		C7AD7A5D2850F70E0087ABE0 /* Frameworks */ = {
			isa = PBXFrameworksBuildPhase;
			buildActionMask = 2147483647;
			files = (
			);
			runOnlyForDeploymentPostprocessing = 0;
		};
		C7AD7A762850F7120087ABE0 /* Frameworks */ = {
			isa = PBXFrameworksBuildPhase;
			buildActionMask = 2147483647;
			files = (
			);
			runOnlyForDeploymentPostprocessing = 0;
		};
		C7AD7A812850F7120087ABE0 /* Frameworks */ = {
			isa = PBXFrameworksBuildPhase;
			buildActionMask = 2147483647;
			files = (
			);
			runOnlyForDeploymentPostprocessing = 0;
		};
/* End PBXFrameworksBuildPhase section */

/* Begin PBXGroup section */
		C7AD7A572850F70E0087ABE0 = {
			isa = PBXGroup;
			children = (
				C7AD7A622850F70E0087ABE0 /* sideMenu */,
				C7AD7A7C2850F7120087ABE0 /* sideMenuTests */,
				C7AD7A872850F7120087ABE0 /* sideMenuUITests */,
				C7AD7A612850F70E0087ABE0 /* Products */,
			);
			sourceTree = "<group>";
		};
		C7AD7A612850F70E0087ABE0 /* Products */ = {
			isa = PBXGroup;
			children = (
				C7AD7A602850F70E0087ABE0 /* sideMenu.app */,
				C7AD7A792850F7120087ABE0 /* sideMenuTests.xctest */,
				C7AD7A842850F7120087ABE0 /* sideMenuUITests.xctest */,
			);
			name = Products;
			sourceTree = "<group>";
		};
		C7AD7A622850F70E0087ABE0 /* sideMenu */ = {
			isa = PBXGroup;
			children = (
				C7AD7ACB2850FC7B0087ABE0 /* cell */,
				C7AD7ABB2850F9F60087ABE0 /* Model */,
				C7AD7A992850F8E20087ABE0 /* sideViews */,
				C7AD7A632850F70E0087ABE0 /* AppDelegate.swift */,
				C7AD7A652850F70E0087ABE0 /* SceneDelegate.swift */,
				C7AD7A672850F70E0087ABE0 /* ViewController.swift */,
				C7AD7A692850F70E0087ABE0 /* Main.storyboard */,
				C7AD7A6F2850F7120087ABE0 /* Assets.xcassets */,
				C7AD7A712850F7120087ABE0 /* LaunchScreen.storyboard */,
				C7AD7A742850F7120087ABE0 /* Info.plist */,
				C7AD7A6C2850F70E0087ABE0 /* sideMenu.xcdatamodeld */,
				C7AD7AC12850FACE0087ABE0 /* SideMenuViewController.swift */,
				C7AD7AC62850FB270087ABE0 /* MainViewController.swift */,
			);
			path = sideMenu;
			sourceTree = "<group>";
		};
		C7AD7A7C2850F7120087ABE0 /* sideMenuTests */ = {
			isa = PBXGroup;
			children = (
				C7AD7A7D2850F7120087ABE0 /* sideMenuTests.swift */,
				C7AD7A7F2850F7120087ABE0 /* Info.plist */,
			);
			path = sideMenuTests;
			sourceTree = "<group>";
		};
		C7AD7A872850F7120087ABE0 /* sideMenuUITests */ = {
			isa = PBXGroup;
			children = (
				C7AD7A882850F7120087ABE0 /* sideMenuUITests.swift */,
				C7AD7A8A2850F7120087ABE0 /* Info.plist */,
			);
			path = sideMenuUITests;
			sourceTree = "<group>";
		};
		C7AD7A992850F8E20087ABE0 /* sideViews */ = {
			isa = PBXGroup;
			children = (
				C7AD7A9A2850F90D0087ABE0 /* HomeViewController.swift */,
				C7AD7AA22850F94D0087ABE0 /* MusicViewController.swift */,
				C7AD7AA72850F9790087ABE0 /* MoviesViewController.swift */,
				C7AD7AAC2850F9B60087ABE0 /* BooksViewController.swift */,
				C7AD7AB12850F9C70087ABE0 /* ProfileViewController.swift */,
				C7AD7AB62850F9D70087ABE0 /* SettingsViewController.swift */,
			);
			path = sideViews;
			sourceTree = "<group>";
		};
		C7AD7ABB2850F9F60087ABE0 /* Model */ = {
			isa = PBXGroup;
			children = (
				C7AD7ABC2850FA060087ABE0 /* MenuModel.swift */,
			);
			path = Model;
			sourceTree = "<group>";
		};
		C7AD7ACB2850FC7B0087ABE0 /* cell */ = {
			isa = PBXGroup;
			children = (
				C7AD7ACC2850FC950087ABE0 /* SideMenuCell.swift */,
				C7AD7ACD2850FC950087ABE0 /* SideMenuCell.xib */,
			);
			path = cell;
			sourceTree = "<group>";
		};
/* End PBXGroup section */

/* Begin PBXNativeTarget section */
		C7AD7A5F2850F70E0087ABE0 /* sideMenu */ = {
			isa = PBXNativeTarget;
			buildConfigurationList = C7AD7A8D2850F7120087ABE0 /* Build configuration list for PBXNativeTarget "sideMenu" */;
			buildPhases = (
				C7AD7A5C2850F70E0087ABE0 /* Sources */,
				C7AD7A5D2850F70E0087ABE0 /* Frameworks */,
				C7AD7A5E2850F70E0087ABE0 /* Resources */,
			);
			buildRules = (
			);
			dependencies = (
			);
			name = sideMenu;
			productName = sideMenu;
			productReference = C7AD7A602850F70E0087ABE0 /* sideMenu.app */;
			productType = "com.apple.product-type.application";
		};
		C7AD7A782850F7120087ABE0 /* sideMenuTests */ = {
			isa = PBXNativeTarget;
			buildConfigurationList = C7AD7A902850F7120087ABE0 /* Build configuration list for PBXNativeTarget "sideMenuTests" */;
			buildPhases = (
				C7AD7A752850F7120087ABE0 /* Sources */,
				C7AD7A762850F7120087ABE0 /* Frameworks */,
				C7AD7A772850F7120087ABE0 /* Resources */,
			);
			buildRules = (
			);
			dependencies = (
				C7AD7A7B2850F7120087ABE0 /* PBXTargetDependency */,
			);
			name = sideMenuTests;
			productName = sideMenuTests;
			productReference = C7AD7A792850F7120087ABE0 /* sideMenuTests.xctest */;
			productType = "com.apple.product-type.bundle.unit-test";
		};
		C7AD7A832850F7120087ABE0 /* sideMenuUITests */ = {
			isa = PBXNativeTarget;
			buildConfigurationList = C7AD7A932850F7120087ABE0 /* Build configuration list for PBXNativeTarget "sideMenuUITests" */;
			buildPhases = (
				C7AD7A802850F7120087ABE0 /* Sources */,
				C7AD7A812850F7120087ABE0 /* Frameworks */,
				C7AD7A822850F7120087ABE0 /* Resources */,
			);
			buildRules = (
			);
			dependencies = (
				C7AD7A862850F7120087ABE0 /* PBXTargetDependency */,
			);
			name = sideMenuUITests;
			productName = sideMenuUITests;
			productReference = C7AD7A842850F7120087ABE0 /* sideMenuUITests.xctest */;
			productType = "com.apple.product-type.bundle.ui-testing";
		};
/* End PBXNativeTarget section */

/* Begin PBXProject section */
		C7AD7A582850F70E0087ABE0 /* Project object */ = {
			isa = PBXProject;
			attributes = {
				LastSwiftUpdateCheck = 1240;
				LastUpgradeCheck = 1240;
				TargetAttributes = {
					C7AD7A5F2850F70E0087ABE0 = {
						CreatedOnToolsVersion = 12.4;
					};
					C7AD7A782850F7120087ABE0 = {
						CreatedOnToolsVersion = 12.4;
						TestTargetID = C7AD7A5F2850F70E0087ABE0;
					};
					C7AD7A832850F7120087ABE0 = {
						CreatedOnToolsVersion = 12.4;
						TestTargetID = C7AD7A5F2850F70E0087ABE0;
					};
				};
			};
			buildConfigurationList = C7AD7A5B2850F70E0087ABE0 /* Build configuration list for PBXProject "sideMenu" */;
			compatibilityVersion = "Xcode 9.3";
			developmentRegion = en;
			hasScannedForEncodings = 0;
			knownRegions = (
				en,
				Base,
			);
			mainGroup = C7AD7A572850F70E0087ABE0;
			productRefGroup = C7AD7A612850F70E0087ABE0 /* Products */;
			projectDirPath = "";
			projectRoot = "";
			targets = (
				C7AD7A5F2850F70E0087ABE0 /* sideMenu */,
				C7AD7A782850F7120087ABE0 /* sideMenuTests */,
				C7AD7A832850F7120087ABE0 /* sideMenuUITests */,
			);
		};
/* End PBXProject section */

/* Begin PBXResourcesBuildPhase section */
		C7AD7A5E2850F70E0087ABE0 /* Resources */ = {
			isa = PBXResourcesBuildPhase;
			buildActionMask = 2147483647;
			files = (
				C7AD7A732850F7120087ABE0 /* LaunchScreen.storyboard in Resources */,
				C7AD7A702850F7120087ABE0 /* Assets.xcassets in Resources */,
				C7AD7A6B2850F70E0087ABE0 /* Main.storyboard in Resources */,
				C7AD7ACF2850FC950087ABE0 /* SideMenuCell.xib in Resources */,
			);
			runOnlyForDeploymentPostprocessing = 0;
		};
		C7AD7A772850F7120087ABE0 /* Resources */ = {
			isa = PBXResourcesBuildPhase;
			buildActionMask = 2147483647;
			files = (
			);
			runOnlyForDeploymentPostprocessing = 0;
		};
		C7AD7A822850F7120087ABE0 /* Resources */ = {
			isa = PBXResourcesBuildPhase;
			buildActionMask = 2147483647;
			files = (
			);
			runOnlyForDeploymentPostprocessing = 0;
		};
/* End PBXResourcesBuildPhase section */

/* Begin PBXSourcesBuildPhase section */
		C7AD7A5C2850F70E0087ABE0 /* Sources */ = {
			isa = PBXSourcesBuildPhase;
			buildActionMask = 2147483647;
			files = (
				C7AD7AA32850F94D0087ABE0 /* MusicViewController.swift in Sources */,
				C7AD7ACE2850FC950087ABE0 /* SideMenuCell.swift in Sources */,
				C7AD7AC72850FB270087ABE0 /* MainViewController.swift in Sources */,
				C7AD7AAD2850F9B60087ABE0 /* BooksViewController.swift in Sources */,
				C7AD7A9B2850F90D0087ABE0 /* HomeViewController.swift in Sources */,
				C7AD7AB72850F9D80087ABE0 /* SettingsViewController.swift in Sources */,
				C7AD7AC22850FACE0087ABE0 /* SideMenuViewController.swift in Sources */,
				C7AD7A682850F70E0087ABE0 /* ViewController.swift in Sources */,
				C7AD7A642850F70E0087ABE0 /* AppDelegate.swift in Sources */,
				C7AD7A662850F70E0087ABE0 /* SceneDelegate.swift in Sources */,
				C7AD7ABD2850FA060087ABE0 /* MenuModel.swift in Sources */,
				C7AD7AB22850F9C70087ABE0 /* ProfileViewController.swift in Sources */,
				C7AD7AA82850F9790087ABE0 /* MoviesViewController.swift in Sources */,
				C7AD7A6E2850F70E0087ABE0 /* sideMenu.xcdatamodeld in Sources */,
			);
			runOnlyForDeploymentPostprocessing = 0;
		};
		C7AD7A752850F7120087ABE0 /* Sources */ = {
			isa = PBXSourcesBuildPhase;
			buildActionMask = 2147483647;
			files = (
				C7AD7A7E2850F7120087ABE0 /* sideMenuTests.swift in Sources */,
			);
			runOnlyForDeploymentPostprocessing = 0;
		};
		C7AD7A802850F7120087ABE0 /* Sources */ = {
			isa = PBXSourcesBuildPhase;
			buildActionMask = 2147483647;
			files = (
				C7AD7A892850F7120087ABE0 /* sideMenuUITests.swift in Sources */,
			);
			runOnlyForDeploymentPostprocessing = 0;
		};
/* End PBXSourcesBuildPhase section */

/* Begin PBXTargetDependency section */
		C7AD7A7B2850F7120087ABE0 /* PBXTargetDependency */ = {
			isa = PBXTargetDependency;
			target = C7AD7A5F2850F70E0087ABE0 /* sideMenu */;
			targetProxy = C7AD7A7A2850F7120087ABE0 /* PBXContainerItemProxy */;
		};
		C7AD7A862850F7120087ABE0 /* PBXTargetDependency */ = {
			isa = PBXTargetDependency;
			target = C7AD7A5F2850F70E0087ABE0 /* sideMenu */;
			targetProxy = C7AD7A852850F7120087ABE0 /* PBXContainerItemProxy */;
		};
/* End PBXTargetDependency section */

/* Begin PBXVariantGroup section */
		C7AD7A692850F70E0087ABE0 /* Main.storyboard */ = {
			isa = PBXVariantGroup;
			children = (
				C7AD7A6A2850F70E0087ABE0 /* Base */,
			);
			name = Main.storyboard;
			sourceTree = "<group>";
		};
		C7AD7A712850F7120087ABE0 /* LaunchScreen.storyboard */ = {
			isa = PBXVariantGroup;
			children = (
				C7AD7A722850F7120087ABE0 /* Base */,
			);
			name = LaunchScreen.storyboard;
			sourceTree = "<group>";
		};
/* End PBXVariantGroup section */

/* Begin XCBuildConfiguration section */
		C7AD7A8B2850F7120087ABE0 /* Debug */ = {
			isa = XCBuildConfiguration;
			buildSettings = {
				ALWAYS_SEARCH_USER_PATHS = NO;
				CLANG_ANALYZER_NONNULL = YES;
				CLANG_ANALYZER_NUMBER_OBJECT_CONVERSION = YES_AGGRESSIVE;
				CLANG_CXX_LANGUAGE_STANDARD = "gnu++14";
				CLANG_CXX_LIBRARY = "libc++";
				CLANG_ENABLE_MODULES = YES;
				CLANG_ENABLE_OBJC_ARC = YES;
				CLANG_ENABLE_OBJC_WEAK = YES;
				CLANG_WARN_BLOCK_CAPTURE_AUTORELEASING = YES;
				CLANG_WARN_BOOL_CONVERSION = YES;
				CLANG_WARN_COMMA = YES;
				CLANG_WARN_CONSTANT_CONVERSION = YES;
				CLANG_WARN_DEPRECATED_OBJC_IMPLEMENTATIONS = YES;
				CLANG_WARN_DIRECT_OBJC_ISA_USAGE = YES_ERROR;
				CLANG_WARN_DOCUMENTATION_COMMENTS = YES;
				CLANG_WARN_EMPTY_BODY = YES;
				CLANG_WARN_ENUM_CONVERSION = YES;
				CLANG_WARN_INFINITE_RECURSION = YES;
				CLANG_WARN_INT_CONVERSION = YES;
				CLANG_WARN_NON_LITERAL_NULL_CONVERSION = YES;
				CLANG_WARN_OBJC_IMPLICIT_RETAIN_SELF = YES;
				CLANG_WARN_OBJC_LITERAL_CONVERSION = YES;
				CLANG_WARN_OBJC_ROOT_CLASS = YES_ERROR;
				CLANG_WARN_QUOTED_INCLUDE_IN_FRAMEWORK_HEADER = YES;
				CLANG_WARN_RANGE_LOOP_ANALYSIS = YES;
				CLANG_WARN_STRICT_PROTOTYPES = YES;
				CLANG_WARN_SUSPICIOUS_MOVE = YES;
				CLANG_WARN_UNGUARDED_AVAILABILITY = YES_AGGRESSIVE;
				CLANG_WARN_UNREACHABLE_CODE = YES;
				CLANG_WARN__DUPLICATE_METHOD_MATCH = YES;
				COPY_PHASE_STRIP = NO;
				DEBUG_INFORMATION_FORMAT = dwarf;
				ENABLE_STRICT_OBJC_MSGSEND = YES;
				ENABLE_TESTABILITY = YES;
				GCC_C_LANGUAGE_STANDARD = gnu11;
				GCC_DYNAMIC_NO_PIC = NO;
				GCC_NO_COMMON_BLOCKS = YES;
				GCC_OPTIMIZATION_LEVEL = 0;
				GCC_PREPROCESSOR_DEFINITIONS = (
					"DEBUG=1",
					"$(inherited)",
				);
				GCC_WARN_64_TO_32_BIT_CONVERSION = YES;
				GCC_WARN_ABOUT_RETURN_TYPE = YES_ERROR;
				GCC_WARN_UNDECLARED_SELECTOR = YES;
				GCC_WARN_UNINITIALIZED_AUTOS = YES_AGGRESSIVE;
				GCC_WARN_UNUSED_FUNCTION = YES;
				GCC_WARN_UNUSED_VARIABLE = YES;
				IPHONEOS_DEPLOYMENT_TARGET = 14.4;
				MTL_ENABLE_DEBUG_INFO = INCLUDE_SOURCE;
				MTL_FAST_MATH = YES;
				ONLY_ACTIVE_ARCH = YES;
				SDKROOT = iphoneos;
				SWIFT_ACTIVE_COMPILATION_CONDITIONS = DEBUG;
				SWIFT_OPTIMIZATION_LEVEL = "-Onone";
			};
			name = Debug;
		};
		C7AD7A8C2850F7120087ABE0 /* Release */ = {
			isa = XCBuildConfiguration;
			buildSettings = {
				ALWAYS_SEARCH_USER_PATHS = NO;
				CLANG_ANALYZER_NONNULL = YES;
				CLANG_ANALYZER_NUMBER_OBJECT_CONVERSION = YES_AGGRESSIVE;
				CLANG_CXX_LANGUAGE_STANDARD = "gnu++14";
				CLANG_CXX_LIBRARY = "libc++";
				CLANG_ENABLE_MODULES = YES;
				CLANG_ENABLE_OBJC_ARC = YES;
				CLANG_ENABLE_OBJC_WEAK = YES;
				CLANG_WARN_BLOCK_CAPTURE_AUTORELEASING = YES;
				CLANG_WARN_BOOL_CONVERSION = YES;
				CLANG_WARN_COMMA = YES;
				CLANG_WARN_CONSTANT_CONVERSION = YES;
				CLANG_WARN_DEPRECATED_OBJC_IMPLEMENTATIONS = YES;
				CLANG_WARN_DIRECT_OBJC_ISA_USAGE = YES_ERROR;
				CLANG_WARN_DOCUMENTATION_COMMENTS = YES;
				CLANG_WARN_EMPTY_BODY = YES;
				CLANG_WARN_ENUM_CONVERSION = YES;
				CLANG_WARN_INFINITE_RECURSION = YES;
				CLANG_WARN_INT_CONVERSION = YES;
				CLANG_WARN_NON_LITERAL_NULL_CONVERSION = YES;
				CLANG_WARN_OBJC_IMPLICIT_RETAIN_SELF = YES;
				CLANG_WARN_OBJC_LITERAL_CONVERSION = YES;
				CLANG_WARN_OBJC_ROOT_CLASS = YES_ERROR;
				CLANG_WARN_QUOTED_INCLUDE_IN_FRAMEWORK_HEADER = YES;
				CLANG_WARN_RANGE_LOOP_ANALYSIS = YES;
				CLANG_WARN_STRICT_PROTOTYPES = YES;
				CLANG_WARN_SUSPICIOUS_MOVE = YES;
				CLANG_WARN_UNGUARDED_AVAILABILITY = YES_AGGRESSIVE;
				CLANG_WARN_UNREACHABLE_CODE = YES;
				CLANG_WARN__DUPLICATE_METHOD_MATCH = YES;
				COPY_PHASE_STRIP = NO;
				DEBUG_INFORMATION_FORMAT = "dwarf-with-dsym";
				ENABLE_NS_ASSERTIONS = NO;
				ENABLE_STRICT_OBJC_MSGSEND = YES;
				GCC_C_LANGUAGE_STANDARD = gnu11;
				GCC_NO_COMMON_BLOCKS = YES;
				GCC_WARN_64_TO_32_BIT_CONVERSION = YES;
				GCC_WARN_ABOUT_RETURN_TYPE = YES_ERROR;
				GCC_WARN_UNDECLARED_SELECTOR = YES;
				GCC_WARN_UNINITIALIZED_AUTOS = YES_AGGRESSIVE;
				GCC_WARN_UNUSED_FUNCTION = YES;
				GCC_WARN_UNUSED_VARIABLE = YES;
				IPHONEOS_DEPLOYMENT_TARGET = 14.4;
				MTL_ENABLE_DEBUG_INFO = NO;
				MTL_FAST_MATH = YES;
				SDKROOT = iphoneos;
				SWIFT_COMPILATION_MODE = wholemodule;
				SWIFT_OPTIMIZATION_LEVEL = "-O";
				VALIDATE_PRODUCT = YES;
			};
			name = Release;
		};
		C7AD7A8E2850F7120087ABE0 /* Debug */ = {
			isa = XCBuildConfiguration;
			buildSettings = {
				ASSETCATALOG_COMPILER_APPICON_NAME = AppIcon;
				ASSETCATALOG_COMPILER_GLOBAL_ACCENT_COLOR_NAME = AccentColor;
				CODE_SIGN_STYLE = Automatic;
				INFOPLIST_FILE = sideMenu/Info.plist;
				LD_RUNPATH_SEARCH_PATHS = (
					"$(inherited)",
					"@executable_path/Frameworks",
				);
				PRODUCT_BUNDLE_IDENTIFIER = com.meghana.sideMenu;
				PRODUCT_NAME = "$(TARGET_NAME)";
				SWIFT_VERSION = 5.0;
				TARGETED_DEVICE_FAMILY = "1,2";
			};
			name = Debug;
		};
		C7AD7A8F2850F7120087ABE0 /* Release */ = {
			isa = XCBuildConfiguration;
			buildSettings = {
				ASSETCATALOG_COMPILER_APPICON_NAME = AppIcon;
				ASSETCATALOG_COMPILER_GLOBAL_ACCENT_COLOR_NAME = AccentColor;
				CODE_SIGN_STYLE = Automatic;
				INFOPLIST_FILE = sideMenu/Info.plist;
				LD_RUNPATH_SEARCH_PATHS = (
					"$(inherited)",
					"@executable_path/Frameworks",
				);
				PRODUCT_BUNDLE_IDENTIFIER = com.meghana.sideMenu;
				PRODUCT_NAME = "$(TARGET_NAME)";
				SWIFT_VERSION = 5.0;
				TARGETED_DEVICE_FAMILY = "1,2";
			};
			name = Release;
		};
		C7AD7A912850F7120087ABE0 /* Debug */ = {
			isa = XCBuildConfiguration;
			buildSettings = {
				ALWAYS_EMBED_SWIFT_STANDARD_LIBRARIES = YES;
				BUNDLE_LOADER = "$(TEST_HOST)";
				CODE_SIGN_STYLE = Automatic;
				INFOPLIST_FILE = sideMenuTests/Info.plist;
				IPHONEOS_DEPLOYMENT_TARGET = 14.4;
				LD_RUNPATH_SEARCH_PATHS = (
					"$(inherited)",
					"@executable_path/Frameworks",
					"@loader_path/Frameworks",
				);
				PRODUCT_BUNDLE_IDENTIFIER = com.meghana.sideMenuTests;
				PRODUCT_NAME = "$(TARGET_NAME)";
				SWIFT_VERSION = 5.0;
				TARGETED_DEVICE_FAMILY = "1,2";
				TEST_HOST = "$(BUILT_PRODUCTS_DIR)/sideMenu.app/sideMenu";
			};
			name = Debug;
		};
		C7AD7A922850F7120087ABE0 /* Release */ = {
			isa = XCBuildConfiguration;
			buildSettings = {
				ALWAYS_EMBED_SWIFT_STANDARD_LIBRARIES = YES;
				BUNDLE_LOADER = "$(TEST_HOST)";
				CODE_SIGN_STYLE = Automatic;
				INFOPLIST_FILE = sideMenuTests/Info.plist;
				IPHONEOS_DEPLOYMENT_TARGET = 14.4;
				LD_RUNPATH_SEARCH_PATHS = (
					"$(inherited)",
					"@executable_path/Frameworks",
					"@loader_path/Frameworks",
				);
				PRODUCT_BUNDLE_IDENTIFIER = com.meghana.sideMenuTests;
				PRODUCT_NAME = "$(TARGET_NAME)";
				SWIFT_VERSION = 5.0;
				TARGETED_DEVICE_FAMILY = "1,2";
				TEST_HOST = "$(BUILT_PRODUCTS_DIR)/sideMenu.app/sideMenu";
			};
			name = Release;
		};
		C7AD7A942850F7120087ABE0 /* Debug */ = {
			isa = XCBuildConfiguration;
			buildSettings = {
				ALWAYS_EMBED_SWIFT_STANDARD_LIBRARIES = YES;
				CODE_SIGN_STYLE = Automatic;
				INFOPLIST_FILE = sideMenuUITests/Info.plist;
				LD_RUNPATH_SEARCH_PATHS = (
					"$(inherited)",
					"@executable_path/Frameworks",
					"@loader_path/Frameworks",
				);
				PRODUCT_BUNDLE_IDENTIFIER = com.meghana.sideMenuUITests;
				PRODUCT_NAME = "$(TARGET_NAME)";
				SWIFT_VERSION = 5.0;
				TARGETED_DEVICE_FAMILY = "1,2";
				TEST_TARGET_NAME = sideMenu;
			};
			name = Debug;
		};
		C7AD7A952850F7120087ABE0 /* Release */ = {
			isa = XCBuildConfiguration;
			buildSettings = {
				ALWAYS_EMBED_SWIFT_STANDARD_LIBRARIES = YES;
				CODE_SIGN_STYLE = Automatic;
				INFOPLIST_FILE = sideMenuUITests/Info.plist;
				LD_RUNPATH_SEARCH_PATHS = (
					"$(inherited)",
					"@executable_path/Frameworks",
					"@loader_path/Frameworks",
				);
				PRODUCT_BUNDLE_IDENTIFIER = com.meghana.sideMenuUITests;
				PRODUCT_NAME = "$(TARGET_NAME)";
				SWIFT_VERSION = 5.0;
				TARGETED_DEVICE_FAMILY = "1,2";
				TEST_TARGET_NAME = sideMenu;
			};
			name = Release;
		};
/* End XCBuildConfiguration section */

/* Begin XCConfigurationList section */
		C7AD7A5B2850F70E0087ABE0 /* Build configuration list for PBXProject "sideMenu" */ = {
			isa = XCConfigurationList;
			buildConfigurations = (
				C7AD7A8B2850F7120087ABE0 /* Debug */,
				C7AD7A8C2850F7120087ABE0 /* Release */,
			);
			defaultConfigurationIsVisible = 0;
			defaultConfigurationName = Release;
		};
		C7AD7A8D2850F7120087ABE0 /* Build configuration list for PBXNativeTarget "sideMenu" */ = {
			isa = XCConfigurationList;
			buildConfigurations = (
				C7AD7A8E2850F7120087ABE0 /* Debug */,
				C7AD7A8F2850F7120087ABE0 /* Release */,
			);
			defaultConfigurationIsVisible = 0;
			defaultConfigurationName = Release;
		};
		C7AD7A902850F7120087ABE0 /* Build configuration list for PBXNativeTarget "sideMenuTests" */ = {
			isa = XCConfigurationList;
			buildConfigurations = (
				C7AD7A912850F7120087ABE0 /* Debug */,
				C7AD7A922850F7120087ABE0 /* Release */,
			);
			defaultConfigurationIsVisible = 0;
			defaultConfigurationName = Release;
		};
		C7AD7A932850F7120087ABE0 /* Build configuration list for PBXNativeTarget "sideMenuUITests" */ = {
			isa = XCConfigurationList;
			buildConfigurations = (
				C7AD7A942850F7120087ABE0 /* Debug */,
				C7AD7A952850F7120087ABE0 /* Release */,
			);
			defaultConfigurationIsVisible = 0;
			defaultConfigurationName = Release;
		};
/* End XCConfigurationList section */

/* Begin XCVersionGroup section */
		C7AD7A6C2850F70E0087ABE0 /* sideMenu.xcdatamodeld */ = {
			isa = XCVersionGroup;
			children = (
				C7AD7A6D2850F70E0087ABE0 /* sideMenu.xcdatamodel */,
			);
			currentVersion = C7AD7A6D2850F70E0087ABE0 /* sideMenu.xcdatamodel */;
			path = sideMenu.xcdatamodeld;
			sourceTree = "<group>";
			versionGroupType = wrapper.xcdatamodel;
		};
/* End XCVersionGroup section */
	};
	rootObject = C7AD7A582850F70E0087ABE0 /* Project object */;
}
